// !$*UTF8*$!
{
	archiveVersion = 1;
	classes = {
	};
	objectVersion = 50;
	objects = {

/* Begin PBXBuildFile section */
		6B0E22B0215CB02900D23C82 /* QLS.swift in Sources */ = {isa = PBXBuildFile; fileRef = 6B0E22AF215CB02900D23C82 /* QLS.swift */; };
		6BC31377215CA3E80066FFE9 /* AppDelegate.swift in Sources */ = {isa = PBXBuildFile; fileRef = 6BC31376215CA3E80066FFE9 /* AppDelegate.swift */; };
		6BC31379215CA3E80066FFE9 /* ViewController.swift in Sources */ = {isa = PBXBuildFile; fileRef = 6BC31378215CA3E80066FFE9 /* ViewController.swift */; };
		6BC3137C215CA3E80066FFE9 /* Main.storyboard in Resources */ = {isa = PBXBuildFile; fileRef = 6BC3137A215CA3E80066FFE9 /* Main.storyboard */; };
		6BC3137E215CA3F00066FFE9 /* Assets.xcassets in Resources */ = {isa = PBXBuildFile; fileRef = 6BC3137D215CA3F00066FFE9 /* Assets.xcassets */; };
		6BC31381215CA3F00066FFE9 /* LaunchScreen.storyboard in Resources */ = {isa = PBXBuildFile; fileRef = 6BC3137F215CA3F00066FFE9 /* LaunchScreen.storyboard */; };
		6BC31389215CA4A60066FFE9 /* article.pdf in Resources */ = {isa = PBXBuildFile; fileRef = 6BC31388215CA4A50066FFE9 /* article.pdf */; };
/* End PBXBuildFile section */

/* Begin PBXFileReference section */
		6B0E22AF215CB02900D23C82 /* QLS.swift */ = {isa = PBXFileReference; lastKnownFileType = sourcecode.swift; path = QLS.swift; sourceTree = "<group>"; };
		6BC31373215CA3E80066FFE9 /* QuickLookSwiftDemo.app */ = {isa = PBXFileReference; explicitFileType = wrapper.application; includeInIndex = 0; path = QuickLookSwiftDemo.app; sourceTree = BUILT_PRODUCTS_DIR; };
		6BC31376215CA3E80066FFE9 /* AppDelegate.swift */ = {isa = PBXFileReference; lastKnownFileType = sourcecode.swift; path = AppDelegate.swift; sourceTree = "<group>"; };
		6BC31378215CA3E80066FFE9 /* ViewController.swift */ = {isa = PBXFileReference; lastKnownFileType = sourcecode.swift; path = ViewController.swift; sourceTree = "<group>"; };
		6BC3137B215CA3E80066FFE9 /* Base */ = {isa = PBXFileReference; lastKnownFileType = file.storyboard; name = Base; path = Base.lproj/Main.storyboard; sourceTree = "<group>"; };
		6BC3137D215CA3F00066FFE9 /* Assets.xcassets */ = {isa = PBXFileReference; lastKnownFileType = folder.assetcatalog; path = Assets.xcassets; sourceTree = "<group>"; };
		6BC31380215CA3F00066FFE9 /* Base */ = {isa = PBXFileReference; lastKnownFileType = file.storyboard; name = Base; path = Base.lproj/LaunchScreen.storyboard; sourceTree = "<group>"; };
		6BC31382215CA3F00066FFE9 /* Info.plist */ = {isa = PBXFileReference; lastKnownFileType = text.plist.xml; path = Info.plist; sourceTree = "<group>"; };
		6BC31388215CA4A50066FFE9 /* article.pdf */ = {isa = PBXFileReference; lastKnownFileType = image.pdf; path = article.pdf; sourceTree = "<group>"; };
/* End PBXFileReference section */

/* Begin PBXFrameworksBuildPhase section */
		6BC31370215CA3E80066FFE9 /* Frameworks */ = {
			isa = PBXFrameworksBuildPhase;
			buildActionMask = 2147483647;
			files = (
			);
			runOnlyForDeploymentPostprocessing = 0;
		};
/* End PBXFrameworksBuildPhase section */

/* Begin PBXGroup section */
		6BC3136A215CA3E80066FFE9 = {
			isa = PBXGroup;
			children = (
				6BC31375215CA3E80066FFE9 /* QuickLookSwiftDemo */,
				6BC31374215CA3E80066FFE9 /* Products */,
			);
			sourceTree = "<group>";
		};
		6BC31374215CA3E80066FFE9 /* Products */ = {
			isa = PBXGroup;
			children = (
				6BC31373215CA3E80066FFE9 /* QuickLookSwiftDemo.app */,
			);
			name = Products;
			sourceTree = "<group>";
		};
		6BC31375215CA3E80066FFE9 /* QuickLookSwiftDemo */ = {
			isa = PBXGroup;
			children = (
				6BC31388215CA4A50066FFE9 /* article.pdf */,
				6BC31376215CA3E80066FFE9 /* AppDelegate.swift */,
				6BC31378215CA3E80066FFE9 /* ViewController.swift */,
				6B0E22AF215CB02900D23C82 /* QLS.swift */,
				6BC3137A215CA3E80066FFE9 /* Main.storyboard */,
				6BC3137D215CA3F00066FFE9 /* Assets.xcassets */,
				6BC3137F215CA3F00066FFE9 /* LaunchScreen.storyboard */,
				6BC31382215CA3F00066FFE9 /* Info.plist */,
			);
			path = QuickLookSwiftDemo;
			sourceTree = "<group>";
		};
/* End PBXGroup section */

/* Begin PBXNativeTarget section */
		6BC31372215CA3E80066FFE9 /* QuickLookSwiftDemo */ = {
			isa = PBXNativeTarget;
			buildConfigurationList = 6BC31385215CA3F00066FFE9 /* Build configuration list for PBXNativeTarget "QuickLookSwiftDemo" */;
			buildPhases = (
				6BC3136F215CA3E80066FFE9 /* Sources */,
				6BC31370215CA3E80066FFE9 /* Frameworks */,
				6BC31371215CA3E80066FFE9 /* Resources */,
			);
			buildRules = (
			);
			dependencies = (
			);
			name = QuickLookSwiftDemo;
			productName = QuickLookSwiftDemo;
			productReference = 6BC31373215CA3E80066FFE9 /* QuickLookSwiftDemo.app */;
			productType = "com.apple.product-type.application";
		};
/* End PBXNativeTarget section */

/* Begin PBXProject section */
		6BC3136B215CA3E80066FFE9 /* Project object */ = {
			isa = PBXProject;
			attributes = {
				LastSwiftUpdateCheck = 0940;
				LastUpgradeCheck = 0940;
				ORGANIZATIONNAME = "vijayvir Singh";
				TargetAttributes = {
					6BC31372215CA3E80066FFE9 = {
						CreatedOnToolsVersion = 9.4;
					};
				};
			};
			buildConfigurationList = 6BC3136E215CA3E80066FFE9 /* Build configuration list for PBXProject "QuickLookSwiftDemo" */;
			compatibilityVersion = "Xcode 9.3";
			developmentRegion = en;
			hasScannedForEncodings = 0;
			knownRegions = (
				en,
				Base,
			);
			mainGroup = 6BC3136A215CA3E80066FFE9;
			productRefGroup = 6BC31374215CA3E80066FFE9 /* Products */;
			projectDirPath = "";
			projectRoot = "";
			targets = (
				6BC31372215CA3E80066FFE9 /* QuickLookSwiftDemo */,
			);
		};
/* End PBXProject section */

/* Begin PBXResourcesBuildPhase section */
		6BC31371215CA3E80066FFE9 /* Resources */ = {
			isa = PBXResourcesBuildPhase;
			buildActionMask = 2147483647;
			files = (
				6BC31381215CA3F00066FFE9 /* LaunchScreen.storyboard in Resources */,
				6BC3137E215CA3F00066FFE9 /* Assets.xcassets in Resources */,
				6BC3137C215CA3E80066FFE9 /* Main.storyboard in Resources */,
				6BC31389215CA4A60066FFE9 /* article.pdf in Resources */,
			);
			runOnlyForDeploymentPostprocessing = 0;
		};
/* End PBXResourcesBuildPhase section */

/* Begin PBXSourcesBuildPhase section */
		6BC3136F215CA3E80066FFE9 /* Sources */ = {
			isa = PBXSourcesBuildPhase;
			buildActionMask = 2147483647;
			files = (
				6BC31379215CA3E80066FFE9 /* ViewController.swift in Sources */,
				6BC31377215CA3E80066FFE9 /* AppDelegate.swift in Sources */,
				6B0E22B0215CB02900D23C82 /* QLS.swift in Sources */,
			);
			runOnlyForDeploymentPostprocessing = 0;
		};
/* End PBXSourcesBuildPhase section */

/* Begin PBXVariantGroup section */
		6BC3137A215CA3E80066FFE9 /* Main.storyboard */ = {
			isa = PBXVariantGroup;
			children = (
				6BC3137B215CA3E80066FFE9 /* Base */,
			);
			name = Main.storyboard;
			sourceTree = "<group>";
		};
		6BC3137F215CA3F00066FFE9 /* LaunchScreen.storyboard */ = {
			isa = PBXVariantGroup;
			children = (
				6BC31380215CA3F00066FFE9 /* Base */,
			);
			name = LaunchScreen.storyboard;
			sourceTree = "<group>";
		};
/* End PBXVariantGroup section */

/* Begin XCBuildConfiguration section */
		6BC31383215CA3F00066FFE9 /* Debug */ = {
			isa = XCBuildConfiguration;
			buildSettings = {
				ALWAYS_SEARCH_USER_PATHS = NO;
				CLANG_ANALYZER_NONNULL = YES;
				CLANG_ANALYZER_NUMBER_OBJECT_CONVERSION = YES_AGGRESSIVE;
				CLANG_CXX_LANGUAGE_STANDARD = "gnu++14";
				CLANG_CXX_LIBRARY = "libc++";
				CLANG_ENABLE_MODULES = YES;
				CLANG_ENABLE_OBJC_ARC = YES;
				CLANG_ENABLE_OBJC_WEAK = YES;
				CLANG_WARN_BLOCK_CAPTURE_AUTORELEASING = YES;
				CLANG_WARN_BOOL_CONVERSION = YES;
				CLANG_WARN_COMMA = YES;
				CLANG_WARN_CONSTANT_CONVERSION = YES;
				CLANG_WARN_DEPRECATED_OBJC_IMPLEMENTATIONS = YES;
				CLANG_WARN_DIRECT_OBJC_ISA_USAGE = YES_ERROR;
				CLANG_WARN_DOCUMENTATION_COMMENTS = YES;
				CLANG_WARN_EMPTY_BODY = YES;
				CLANG_WARN_ENUM_CONVERSION = YES;
				CLANG_WARN_INFINITE_RECURSION = YES;
				CLANG_WARN_INT_CONVERSION = YES;
				CLANG_WARN_NON_LITERAL_NULL_CONVERSION = YES;
				CLANG_WARN_OBJC_IMPLICIT_RETAIN_SELF = YES;
				CLANG_WARN_OBJC_LITERAL_CONVERSION = YES;
				CLANG_WARN_OBJC_ROOT_CLASS = YES_ERROR;
				CLANG_WARN_RANGE_LOOP_ANALYSIS = YES;
				CLANG_WARN_STRICT_PROTOTYPES = YES;
				CLANG_WARN_SUSPICIOUS_MOVE = YES;
				CLANG_WARN_UNGUARDED_AVAILABILITY = YES_AGGRESSIVE;
				CLANG_WARN_UNREACHABLE_CODE = YES;
				CLANG_WARN__DUPLICATE_METHOD_MATCH = YES;
				CODE_SIGN_IDENTITY = "iPhone Developer";
				COPY_PHASE_STRIP = NO;
				DEBUG_INFORMATION_FORMAT = dwarf;
				ENABLE_STRICT_OBJC_MSGSEND = YES;
				ENABLE_TESTABILITY = YES;
				GCC_C_LANGUAGE_STANDARD = gnu11;
				GCC_DYNAMIC_NO_PIC = NO;
				GCC_NO_COMMON_BLOCKS = YES;
				GCC_OPTIMIZATION_LEVEL = 0;
				GCC_PREPROCESSOR_DEFINITIONS = (
					"DEBUG=1",
					"$(inherited)",
				);
				GCC_WARN_64_TO_32_BIT_CONVERSION = YES;
				GCC_WARN_ABOUT_RETURN_TYPE = YES_ERROR;
				GCC_WARN_UNDECLARED_SELECTOR = YES;
				GCC_WARN_UNINITIALIZED_AUTOS = YES_AGGRESSIVE;
				GCC_WARN_UNUSED_FUNCTION = YES;
				GCC_WARN_UNUSED_VARIABLE = YES;
				IPHONEOS_DEPLOYMENT_TARGET = 11.4;
				MTL_ENABLE_DEBUG_INFO = YES;
				ONLY_ACTIVE_ARCH = YES;
				SDKROOT = iphoneos;
				SWIFT_ACTIVE_COMPILATION_CONDITIONS = DEBUG;
				SWIFT_OPTIMIZATION_LEVEL = "-Onone";
			};
			name = Debug;
		};
		6BC31384215CA3F00066FFE9 /* Release */ = {
			isa = XCBuildConfiguration;
			buildSettings = {
				ALWAYS_SEARCH_USER_PATHS = NO;
				CLANG_ANALYZER_NONNULL = YES;
				CLANG_ANALYZER_NUMBER_OBJECT_CONVERSION = YES_AGGRESSIVE;
				CLANG_CXX_LANGUAGE_STANDARD = "gnu++14";
				CLANG_CXX_LIBRARY = "libc++";
				CLANG_ENABLE_MODULES = YES;
				CLANG_ENABLE_OBJC_ARC = YES;
				CLANG_ENABLE_OBJC_WEAK = YES;
				CLANG_WARN_BLOCK_CAPTURE_AUTORELEASING = YES;
				CLANG_WARN_BOOL_CONVERSION = YES;
				CLANG_WARN_COMMA = YES;
				CLANG_WARN_CONSTANT_CONVERSION = YES;
				CLANG_WARN_DEPRECATED_OBJC_IMPLEMENTATIONS = YES;
				CLANG_WARN_DIRECT_OBJC_ISA_USAGE = YES_ERROR;
				CLANG_WARN_DOCUMENTATION_COMMENTS = YES;
				CLANG_WARN_EMPTY_BODY = YES;
				CLANG_WARN_ENUM_CONVERSION = YES;
				CLANG_WARN_INFINITE_RECURSION = YES;
				CLANG_WARN_INT_CONVERSION = YES;
				CLANG_WARN_NON_LITERAL_NULL_CONVERSION = YES;
				CLANG_WARN_OBJC_IMPLICIT_RETAIN_SELF = YES;
				CLANG_WARN_OBJC_LITERAL_CONVERSION = YES;
				CLANG_WARN_OBJC_ROOT_CLASS = YES_ERROR;
				CLANG_WARN_RANGE_LOOP_ANALYSIS = YES;
				CLANG_WARN_STRICT_PROTOTYPES = YES;
				CLANG_WARN_SUSPICIOUS_MOVE = YES;
				CLANG_WARN_UNGUARDED_AVAILABILITY = YES_AGGRESSIVE;
				CLANG_WARN_UNREACHABLE_CODE = YES;
				CLANG_WARN__DUPLICATE_METHOD_MATCH = YES;
				CODE_SIGN_IDENTITY = "iPhone Developer";
				COPY_PHASE_STRIP = NO;
				DEBUG_INFORMATION_FORMAT = "dwarf-with-dsym";
				ENABLE_NS_ASSERTIONS = NO;
				ENABLE_STRICT_OBJC_MSGSEND = YES;
				GCC_C_LANGUAGE_STANDARD = gnu11;
				GCC_NO_COMMON_BLOCKS = YES;
				GCC_WARN_64_TO_32_BIT_CONVERSION = YES;
				GCC_WARN_ABOUT_RETURN_TYPE = YES_ERROR;
				GCC_WARN_UNDECLARED_SELECTOR = YES;
				GCC_WARN_UNINITIALIZED_AUTOS = YES_AGGRESSIVE;
				GCC_WARN_UNUSED_FUNCTION = YES;
				GCC_WARN_UNUSED_VARIABLE = YES;
				IPHONEOS_DEPLOYMENT_TARGET = 11.4;
				MTL_ENABLE_DEBUG_INFO = NO;
				SDKROOT = iphoneos;
				SWIFT_COMPILATION_MODE = wholemodule;
				SWIFT_OPTIMIZATION_LEVEL = "-O";
				VALIDATE_PRODUCT = YES;
			};
			name = Release;
		};
		6BC31386215CA3F00066FFE9 /* Debug */ = {
			isa = XCBuildConfiguration;
			buildSettings = {
				ASSETCATALOG_COMPILER_APPICON_NAME = AppIcon;
				CODE_SIGN_STYLE = Automatic;
				INFOPLIST_FILE = QuickLookSwiftDemo/Info.plist;
				LD_RUNPATH_SEARCH_PATHS = (
					"$(inherited)",
					"@executable_path/Frameworks",
				);
				PRODUCT_BUNDLE_IDENTIFIER = com.QuiclLookSwift.Demo.QuickLookSwiftDemo;
				PRODUCT_NAME = "$(TARGET_NAME)";
				SWIFT_VERSION = 4.0;
				TARGETED_DEVICE_FAMILY = "1,2";
			};
			name = Debug;
		};
		6BC31387215CA3F00066FFE9 /* Release */ = {
			isa = XCBuildConfiguration;
			buildSettings = {
				ASSETCATALOG_COMPILER_APPICON_NAME = AppIcon;
				CODE_SIGN_STYLE = Automatic;
				INFOPLIST_FILE = QuickLookSwiftDemo/Info.plist;
				LD_RUNPATH_SEARCH_PATHS = (
					"$(inherited)",
					"@executable_path/Frameworks",
				);
				PRODUCT_BUNDLE_IDENTIFIER = com.QuiclLookSwift.Demo.QuickLookSwiftDemo;
				PRODUCT_NAME = "$(TARGET_NAME)";
				SWIFT_VERSION = 4.0;
				TARGETED_DEVICE_FAMILY = "1,2";
			};
			name = Release;
		};
/* End XCBuildConfiguration section */

/* Begin XCConfigurationList section */
		6BC3136E215CA3E80066FFE9 /* Build configuration list for PBXProject "QuickLookSwiftDemo" */ = {
			isa = XCConfigurationList;
			buildConfigurations = (
				6BC31383215CA3F00066FFE9 /* Debug */,
				6BC31384215CA3F00066FFE9 /* Release */,
			);
			defaultConfigurationIsVisible = 0;
			defaultConfigurationName = Release;
		};
		6BC31385215CA3F00066FFE9 /* Build configuration list for PBXNativeTarget "QuickLookSwiftDemo" */ = {
			isa = XCConfigurationList;
			buildConfigurations = (
				6BC31386215CA3F00066FFE9 /* Debug */,
				6BC31387215CA3F00066FFE9 /* Release */,
			);
			defaultConfigurationIsVisible = 0;
			defaultConfigurationName = Release;
		};
/* End XCConfigurationList section */
	};
	rootObject = 6BC3136B215CA3E80066FFE9 /* Project object */;
}
